
Microsoft Visual Studio Solution File, Format Version 12.00
# Visual Studio 15
VisualStudioVersion = 15.0.27428.1
MinimumVisualStudioVersion = 10.0.40219.1
Project("{2150E333-8FDC-42A3-9474-1A3956D46DE8}") = "Solution Items", "Solution Items", "{9170237B-CA4A-4BED-AA5C-E1A867F6308A}"
	ProjectSection(SolutionItems) = preProject
		README.md = README.md
	EndProjectSection
EndProject
Project("{FAE04EC0-301F-11D3-BF4B-00C04F79EFBC}") = "SmtpMailConfiguration", "SmtpMailConfiguration\SmtpMailConfiguration.csproj", "{0689CB64-FFA4-42C0-B6D5-EEF483CF2F81}"
EndProject
Project("{FAE04EC0-301F-11D3-BF4B-00C04F79EFBC}") = "smtpUnitTests", "smtpUnitTests\smtpUnitTests.csproj", "{DDD8B737-30EB-4BDD-A2A4-6F2E156C05BE}"
EndProject
Project("{FAE04EC0-301F-11D3-BF4B-00C04F79EFBC}") = "MailLibrary", "MailLibrary\MailLibrary.csproj", "{1E9F5C83-4096-4E7D-8D6A-DF65C0915C86}"
EndProject
Project("{FAE04EC0-301F-11D3-BF4B-00C04F79EFBC}") = "LoggingLibrary", "LoggingLibrary\LoggingLibrary.csproj", "{EFCAA440-BF32-45C3-AB57-4D68FD858796}"
EndProject
Project("{FAE04EC0-301F-11D3-BF4B-00C04F79EFBC}") = "WindowsFormsApp1", "WindowsFormsApp1\WindowsFormsApp1.csproj", "{65B553E7-201D-4B05-B213-0A3CD3F3F672}"
EndProject
Project("{F184B08F-C81C-45F6-A57F-5ABD9991F28F}") = "0WindowsApp2", "0WindowsApp2\0WindowsApp2.vbproj", "{68C73890-4F6E-4AF3-91B3-F451E884496D}"
EndProject
Project("{FAE04EC0-301F-11D3-BF4B-00C04F79EFBC}") = "TestingCustom", "TestingCustom\TestingCustom.csproj", "{874153AC-A5F7-40A4-8293-9DBF95451520}"
EndProject
Project("{F184B08F-C81C-45F6-A57F-5ABD9991F28F}") = "WindowsApp1", "WindowsApp1\WindowsApp1.vbproj", "{4365DB21-52DC-4D88-9F97-6B54515A72AD}"
EndProject
Global
	GlobalSection(SolutionConfigurationPlatforms) = preSolution
		Debug|Any CPU = Debug|Any CPU
		Release|Any CPU = Release|Any CPU
	EndGlobalSection
	GlobalSection(ProjectConfigurationPlatforms) = postSolution
		{0689CB64-FFA4-42C0-B6D5-EEF483CF2F81}.Debug|Any CPU.ActiveCfg = Debug|Any CPU
		{0689CB64-FFA4-42C0-B6D5-EEF483CF2F81}.Debug|Any CPU.Build.0 = Debug|Any CPU
		{0689CB64-FFA4-42C0-B6D5-EEF483CF2F81}.Release|Any CPU.ActiveCfg = Release|Any CPU
		{0689CB64-FFA4-42C0-B6D5-EEF483CF2F81}.Release|Any CPU.Build.0 = Release|Any CPU
		{DDD8B737-30EB-4BDD-A2A4-6F2E156C05BE}.Debug|Any CPU.ActiveCfg = Debug|Any CPU
		{DDD8B737-30EB-4BDD-A2A4-6F2E156C05BE}.Debug|Any CPU.Build.0 = Debug|Any CPU
		{DDD8B737-30EB-4BDD-A2A4-6F2E156C05BE}.Release|Any CPU.ActiveCfg = Release|Any CPU
		{DDD8B737-30EB-4BDD-A2A4-6F2E156C05BE}.Release|Any CPU.Build.0 = Release|Any CPU
		{1E9F5C83-4096-4E7D-8D6A-DF65C0915C86}.Debug|Any CPU.ActiveCfg = Debug|Any CPU
		{1E9F5C83-4096-4E7D-8D6A-DF65C0915C86}.Debug|Any CPU.Build.0 = Debug|Any CPU
		{1E9F5C83-4096-4E7D-8D6A-DF65C0915C86}.Release|Any CPU.ActiveCfg = Release|Any CPU
		{1E9F5C83-4096-4E7D-8D6A-DF65C0915C86}.Release|Any CPU.Build.0 = Release|Any CPU
		{EFCAA440-BF32-45C3-AB57-4D68FD858796}.Debug|Any CPU.ActiveCfg = Debug|Any CPU
		{EFCAA440-BF32-45C3-AB57-4D68FD858796}.Debug|Any CPU.Build.0 = Debug|Any CPU
		{EFCAA440-BF32-45C3-AB57-4D68FD858796}.Release|Any CPU.ActiveCfg = Release|Any CPU
		{EFCAA440-BF32-45C3-AB57-4D68FD858796}.Release|Any CPU.Build.0 = Release|Any CPU
		{65B553E7-201D-4B05-B213-0A3CD3F3F672}.Debug|Any CPU.ActiveCfg = Debug|Any CPU
		{65B553E7-201D-4B05-B213-0A3CD3F3F672}.Debug|Any CPU.Build.0 = Debug|Any CPU
		{65B553E7-201D-4B05-B213-0A3CD3F3F672}.Release|Any CPU.ActiveCfg = Release|Any CPU
		{65B553E7-201D-4B05-B213-0A3CD3F3F672}.Release|Any CPU.Build.0 = Release|Any CPU
		{68C73890-4F6E-4AF3-91B3-F451E884496D}.Debug|Any CPU.ActiveCfg = Debug|Any CPU
		{68C73890-4F6E-4AF3-91B3-F451E884496D}.Debug|Any CPU.Build.0 = Debug|Any CPU
		{68C73890-4F6E-4AF3-91B3-F451E884496D}.Release|Any CPU.ActiveCfg = Release|Any CPU
		{68C73890-4F6E-4AF3-91B3-F451E884496D}.Release|Any CPU.Build.0 = Release|Any CPU
		{874153AC-A5F7-40A4-8293-9DBF95451520}.Debug|Any CPU.ActiveCfg = Debug|Any CPU
		{874153AC-A5F7-40A4-8293-9DBF95451520}.Debug|Any CPU.Build.0 = Debug|Any CPU
		{874153AC-A5F7-40A4-8293-9DBF95451520}.Release|Any CPU.ActiveCfg = Release|Any CPU
		{874153AC-A5F7-40A4-8293-9DBF95451520}.Release|Any CPU.Build.0 = Release|Any CPU
		{4365DB21-52DC-4D88-9F97-6B54515A72AD}.Debug|Any CPU.ActiveCfg = Debug|Any CPU
		{4365DB21-52DC-4D88-9F97-6B54515A72AD}.Debug|Any CPU.Build.0 = Debug|Any CPU
		{4365DB21-52DC-4D88-9F97-6B54515A72AD}.Release|Any CPU.ActiveCfg = Release|Any CPU
		{4365DB21-52DC-4D88-9F97-6B54515A72AD}.Release|Any CPU.Build.0 = Release|Any CPU
	EndGlobalSection
	GlobalSection(SolutionProperties) = preSolution
		HideSolutionNode = FALSE
	EndGlobalSection
	GlobalSection(ExtensibilityGlobals) = postSolution
		SolutionGuid = {F052EEC2-93B1-4709-824A-C350418F18B1}
	EndGlobalSection
EndGlobal
